{
  "name": "parse-server-advanced-mailgun-adapter",
  "version": "1.0.0",
  "lockfileVersion": 1,
  "requires": true,
  "dependencies": {
    "mailgun-es6": {
      "version": "1.1.4",
      "resolved": "https://registry.npmjs.org/mailgun-es6/-/mailgun-es6-1.1.4.tgz",
      "integrity": "sha1-X7gsbZG1gj/NHA1pk2HkzHIAzo4="
    }
  }
}
